<?xml version="1.0" encoding="utf-8"?>
<Project ToolsVersion="4.0" xmlns="http://schemas.microsoft.com/developer/msbuild/2003">
  <ItemGroup>
    <Filter Include="win32">
      <UniqueIdentifier>{84a8ebd7-7cf0-47f6-b75e-d441df67da40}</UniqueIdentifier>
    </Filter>
    <Filter Include="resource">
      <UniqueIdentifier>{715254bc-d70b-4ec5-bf29-467dd3ace079}</UniqueIdentifier>
    </Filter>
    <Filter Include="src">
      <UniqueIdentifier>{bb6c862e-70e9-49d9-81b7-3829a6f50471}</UniqueIdentifier>
    </Filter>
    <Filter Include="src\music">
      <UniqueIdentifier>{975e0160-c98a-41ba-90fb-623bbfeebf38}</UniqueIdentifier>
    </Filter>
    <Filter Include="src\scene">
      <UniqueIdentifier>{95c2745d-d2e3-43cc-95b6-2510b78a73ce}</UniqueIdentifier>
    </Filter>
    <Filter Include="src\actor">
      <UniqueIdentifier>{da947ca1-30f3-4d75-b4f2-114518e68ddc}</UniqueIdentifier>
    </Filter>
    <Filter Include="src\helper">
      <UniqueIdentifier>{43ac76af-3107-440c-92c3-c500f46335f2}</UniqueIdentifier>
    </Filter>
    <Filter Include="src\manager">
      <UniqueIdentifier>{4f2d7a5a-8e55-44d7-b7e7-8e69e8ea01a2}</UniqueIdentifier>
    </Filter>
  </ItemGroup>
  <ItemGroup>
    <ClCompile Include="main.cpp">
      <Filter>win32</Filter>
    </ClCompile>
    <ClCompile Include="..\Classes\AppDelegate.cpp">
      <Filter>src</Filter>
    </ClCompile>
    <ClCompile Include="..\Classes\HelloWorldScene.cpp">
      <Filter>src</Filter>
    </ClCompile>
    <ClCompile Include="..\Classes\CSceneGameplay.cpp">
      <Filter>src\scene</Filter>
    </ClCompile>
    <ClCompile Include="..\Classes\CActor.cpp">
      <Filter>src\actor</Filter>
    </ClCompile>
    <ClCompile Include="..\Classes\CAnimateActor.cpp">
      <Filter>src\actor</Filter>
    </ClCompile>
    <ClCompile Include="..\Classes\CHero.cpp">
      <Filter>src\actor</Filter>
    </ClCompile>
    <ClCompile Include="..\Classes\CHelper.cpp" />
    <ClCompile Include="..\Classes\CHeroKnight.cpp">
      <Filter>src\actor</Filter>
    </ClCompile>
    <ClCompile Include="..\Classes\CMusic.cpp">
      <Filter>src\music</Filter>
    </ClCompile>
    <ClCompile Include="..\Classes\CMusicTest.cpp">
      <Filter>src\music</Filter>
    </ClCompile>
    <ClCompile Include="..\Classes\CObjDependOnMusic.cpp">
      <Filter>src\music</Filter>
    </ClCompile>
    <ClCompile Include="..\Classes\CEnemy.cpp">
      <Filter>src\actor</Filter>
    </ClCompile>
    <ClCompile Include="..\Classes\CEnemySphericalMonter.cpp">
      <Filter>src\actor</Filter>
    </ClCompile>
    <ClCompile Include="..\Classes\CEnemyManager.cpp">
      <Filter>src\manager</Filter>
    </ClCompile>
  </ItemGroup>
  <ItemGroup>
    <ClInclude Include="main.h">
      <Filter>win32</Filter>
    </ClInclude>
    <ClInclude Include="..\Classes\AppDelegate.h">
      <Filter>src</Filter>
    </ClInclude>
    <ClInclude Include="..\Classes\HelloWorldScene.h">
      <Filter>src</Filter>
    </ClInclude>
    <ClInclude Include="..\Classes\CSceneGameplay.h">
      <Filter>src\scene</Filter>
    </ClInclude>
    <ClInclude Include="..\Classes\CActor.h">
      <Filter>src\actor</Filter>
    </ClInclude>
    <ClInclude Include="..\Classes\CAnimateActor.h">
      <Filter>src\actor</Filter>
    </ClInclude>
    <ClInclude Include="..\Classes\CHero.h">
      <Filter>src\actor</Filter>
    </ClInclude>
    <ClInclude Include="resource.h" />
    <ClInclude Include="..\Classes\CHelper.h" />
    <ClInclude Include="..\Classes\CHeroKnight.h">
      <Filter>src\actor</Filter>
    </ClInclude>
    <ClInclude Include="..\Classes\CMusic.h">
      <Filter>src\music</Filter>
    </ClInclude>
    <ClInclude Include="..\Classes\CMusicTest.h">
      <Filter>src\music</Filter>
    </ClInclude>
    <ClInclude Include="..\Classes\CObjDependOnMusic.h">
      <Filter>src\music</Filter>
    </ClInclude>
    <ClInclude Include="..\Classes\CEnemy.h">
      <Filter>src\actor</Filter>
    </ClInclude>
    <ClInclude Include="..\Classes\CEnemySphericalMonter.h">
      <Filter>src\actor</Filter>
    </ClInclude>
    <ClInclude Include="..\Classes\CEnemyManager.h">
      <Filter>src\manager</Filter>
    </ClInclude>
  </ItemGroup>
  <ItemGroup>
    <ResourceCompile Include="game.rc">
      <Filter>resource</Filter>
    </ResourceCompile>
  </ItemGroup>
</Project>